
Microsoft Visual Studio Solution File, Format Version 12.00
# Visual Studio 15
VisualStudioVersion = 15.0.28307.539
MinimumVisualStudioVersion = 10.0.40219.1
Project("{9A19103F-16F7-4668-BE54-9A1E7A4F7556}") = "Klad2_0", "Klad2_0\Klad2_0.csproj", "{0C908721-C388-45B2-AB9F-FE9A1DE29D2C}"
EndProject
Project("{9A19103F-16F7-4668-BE54-9A1E7A4F7556}") = "Domain", "Domain\Domain.csproj", "{43AA99C1-3B3A-4B61-BA31-6E462D83B683}"
EndProject
Project("{9A19103F-16F7-4668-BE54-9A1E7A4F7556}") = "WCF_Sber", "..\WcfSberbank\WCF_Sber\WCF_Sber.csproj", "{E49F474A-96CA-43BE-BAE6-748491A8D6EB}"
EndProject
Global
	GlobalSection(SolutionConfigurationPlatforms) = preSolution
		Debug|Any CPU = Debug|Any CPU
		Release|Any CPU = Release|Any CPU
	EndGlobalSection
	GlobalSection(ProjectConfigurationPlatforms) = postSolution
		{0C908721-C388-45B2-AB9F-FE9A1DE29D2C}.Debug|Any CPU.ActiveCfg = Debug|Any CPU
		{0C908721-C388-45B2-AB9F-FE9A1DE29D2C}.Debug|Any CPU.Build.0 = Debug|Any CPU
		{0C908721-C388-45B2-AB9F-FE9A1DE29D2C}.Release|Any CPU.ActiveCfg = Release|Any CPU
		{0C908721-C388-45B2-AB9F-FE9A1DE29D2C}.Release|Any CPU.Build.0 = Release|Any CPU
		{43AA99C1-3B3A-4B61-BA31-6E462D83B683}.Debug|Any CPU.ActiveCfg = Debug|Any CPU
		{43AA99C1-3B3A-4B61-BA31-6E462D83B683}.Debug|Any CPU.Build.0 = Debug|Any CPU
		{43AA99C1-3B3A-4B61-BA31-6E462D83B683}.Release|Any CPU.ActiveCfg = Release|Any CPU
		{43AA99C1-3B3A-4B61-BA31-6E462D83B683}.Release|Any CPU.Build.0 = Release|Any CPU
		{E49F474A-96CA-43BE-BAE6-748491A8D6EB}.Debug|Any CPU.ActiveCfg = Debug|Any CPU
		{E49F474A-96CA-43BE-BAE6-748491A8D6EB}.Debug|Any CPU.Build.0 = Debug|Any CPU
		{E49F474A-96CA-43BE-BAE6-748491A8D6EB}.Release|Any CPU.ActiveCfg = Release|Any CPU
		{E49F474A-96CA-43BE-BAE6-748491A8D6EB}.Release|Any CPU.Build.0 = Release|Any CPU
	EndGlobalSection
	GlobalSection(SolutionProperties) = preSolution
		HideSolutionNode = FALSE
	EndGlobalSection
	GlobalSection(ExtensibilityGlobals) = postSolution
		SolutionGuid = {2BFBA495-1FA4-4F5F-96FC-654FD5A74A2E}
	EndGlobalSection
EndGlobal
